
Microsoft Visual Studio Solution File, Format Version 12.00
# Visual Studio 14
VisualStudioVersion = 14.0.25420.1
MinimumVisualStudioVersion = 10.0.40219.1
Project("{FAE04EC0-301F-11D3-BF4B-00C04F79EFBC}") = "Model", "Model\Model.csproj", "{23703A51-A6EF-497C-A73E-A732A509208D}"
EndProject
Project("{FAE04EC0-301F-11D3-BF4B-00C04F79EFBC}") = "ViewModel", "ViewModel\ViewModel.csproj", "{FE0F99C3-4F5F-4D06-B6FE-00A5830F2AC2}"
EndProject
Project("{FAE04EC0-301F-11D3-BF4B-00C04F79EFBC}") = "View", "View\View.csproj", "{5E22E329-EA30-48CA-B499-F3283B621DA6}"
EndProject
Global
	GlobalSection(SolutionConfigurationPlatforms) = preSolution
		Debug|Any CPU = Debug|Any CPU
		Release|Any CPU = Release|Any CPU
	EndGlobalSection
	GlobalSection(ProjectConfigurationPlatforms) = postSolution
		{23703A51-A6EF-497C-A73E-A732A509208D}.Debug|Any CPU.ActiveCfg = Debug|Any CPU
		{23703A51-A6EF-497C-A73E-A732A509208D}.Debug|Any CPU.Build.0 = Debug|Any CPU
		{23703A51-A6EF-497C-A73E-A732A509208D}.Release|Any CPU.ActiveCfg = Release|Any CPU
		{23703A51-A6EF-497C-A73E-A732A509208D}.Release|Any CPU.Build.0 = Release|Any CPU
		{FE0F99C3-4F5F-4D06-B6FE-00A5830F2AC2}.Debug|Any CPU.ActiveCfg = Debug|Any CPU
		{FE0F99C3-4F5F-4D06-B6FE-00A5830F2AC2}.Debug|Any CPU.Build.0 = Debug|Any CPU
		{FE0F99C3-4F5F-4D06-B6FE-00A5830F2AC2}.Release|Any CPU.ActiveCfg = Release|Any CPU
		{FE0F99C3-4F5F-4D06-B6FE-00A5830F2AC2}.Release|Any CPU.Build.0 = Release|Any CPU
		{5E22E329-EA30-48CA-B499-F3283B621DA6}.Debug|Any CPU.ActiveCfg = Debug|Any CPU
		{5E22E329-EA30-48CA-B499-F3283B621DA6}.Debug|Any CPU.Build.0 = Debug|Any CPU
		{5E22E329-EA30-48CA-B499-F3283B621DA6}.Release|Any CPU.ActiveCfg = Release|Any CPU
		{5E22E329-EA30-48CA-B499-F3283B621DA6}.Release|Any CPU.Build.0 = Release|Any CPU
	EndGlobalSection
	GlobalSection(SolutionProperties) = preSolution
		HideSolutionNode = FALSE
	EndGlobalSection
EndGlobal
